
Microsoft Visual Studio Solution File, Format Version 12.00
# Visual Studio 15
VisualStudioVersion = 15.0.28307.106
MinimumVisualStudioVersion = 10.0.40219.1
Project("{FAE04EC0-301F-11D3-BF4B-00C04F79EFBC}") = "EducationProject", "EducationProject\EducationProject.csproj", "{6686ABBE-F14F-4773-9032-EC869BF8CF62}"
EndProject
Global
	GlobalSection(SolutionConfigurationPlatforms) = preSolution
		Debug|Any CPU = Debug|Any CPU
		Release|Any CPU = Release|Any CPU
	EndGlobalSection
	GlobalSection(ProjectConfigurationPlatforms) = postSolution
		{6686ABBE-F14F-4773-9032-EC869BF8CF62}.Debug|Any CPU.ActiveCfg = Debug|Any CPU
		{6686ABBE-F14F-4773-9032-EC869BF8CF62}.Debug|Any CPU.Build.0 = Debug|Any CPU
		{6686ABBE-F14F-4773-9032-EC869BF8CF62}.Release|Any CPU.ActiveCfg = Release|Any CPU
		{6686ABBE-F14F-4773-9032-EC869BF8CF62}.Release|Any CPU.Build.0 = Release|Any CPU
	EndGlobalSection
	GlobalSection(SolutionProperties) = preSolution
		HideSolutionNode = FALSE
	EndGlobalSection
	GlobalSection(ExtensibilityGlobals) = postSolution
		SolutionGuid = {79901DAE-C8D3-4D13-97A4-705EDD07C279}
	EndGlobalSection
EndGlobal
